// !$*UTF8*$!
{
	archiveVersion = 1;
	classes = {
	};
	objectVersion = 46;
	objects = {

/* Begin PBXBuildFile section */
		900FD1C81A0ECCCE006FEBBF /* main.m in Sources */ = {isa = PBXBuildFile; fileRef = 900FD1C71A0ECCCE006FEBBF /* main.m */; };
		900FD1CB1A0ECCCE006FEBBF /* AppDelegate.m in Sources */ = {isa = PBXBuildFile; fileRef = 900FD1CA1A0ECCCE006FEBBF /* AppDelegate.m */; };
		900FD1CE1A0ECCCE006FEBBF /* PhotosViewController.m in Sources */ = {isa = PBXBuildFile; fileRef = 900FD1CD1A0ECCCE006FEBBF /* PhotosViewController.m */; };
		900FD1D11A0ECCCE006FEBBF /* FavoritesViewController.m in Sources */ = {isa = PBXBuildFile; fileRef = 900FD1D01A0ECCCE006FEBBF /* FavoritesViewController.m */; };
		900FD1D41A0ECCCE006FEBBF /* Main.storyboard in Resources */ = {isa = PBXBuildFile; fileRef = 900FD1D21A0ECCCE006FEBBF /* Main.storyboard */; };
		900FD1D61A0ECCCE006FEBBF /* Images.xcassets in Resources */ = {isa = PBXBuildFile; fileRef = 900FD1D51A0ECCCE006FEBBF /* Images.xcassets */; };
		900FD1D91A0ECCCE006FEBBF /* LaunchScreen.xib in Resources */ = {isa = PBXBuildFile; fileRef = 900FD1D71A0ECCCE006FEBBF /* LaunchScreen.xib */; };
		900FD1E51A0ECCCE006FEBBF /* FavoriteInstagramPhotosTests.m in Sources */ = {isa = PBXBuildFile; fileRef = 900FD1E41A0ECCCE006FEBBF /* FavoriteInstagramPhotosTests.m */; };
		900FD1F01A0ECDA8006FEBBF /* PhotosCollectionViewCell.m in Sources */ = {isa = PBXBuildFile; fileRef = 900FD1EF1A0ECDA8006FEBBF /* PhotosCollectionViewCell.m */; };
		900FD1F31A0ED177006FEBBF /* InstagramImage.m in Sources */ = {isa = PBXBuildFile; fileRef = 900FD1F21A0ED177006FEBBF /* InstagramImage.m */; };
		90235B6D1A107529004CB772 /* MapViewController.m in Sources */ = {isa = PBXBuildFile; fileRef = 90235B6C1A107529004CB772 /* MapViewController.m */; };
		90235B6F1A1075FA004CB772 /* MapKit.framework in Frameworks */ = {isa = PBXBuildFile; fileRef = 90235B6E1A1075FA004CB772 /* MapKit.framework */; };
		902C21AF1A1082AA0033A0D3 /* Twitter.framework in Frameworks */ = {isa = PBXBuildFile; fileRef = 902C21AE1A1082AA0033A0D3 /* Twitter.framework */; };
		902C21B11A1082B00033A0D3 /* Social.framework in Frameworks */ = {isa = PBXBuildFile; fileRef = 902C21B01A1082B00033A0D3 /* Social.framework */; };
		902C21B31A1082B70033A0D3 /* MessageUI.framework in Frameworks */ = {isa = PBXBuildFile; fileRef = 902C21B21A1082B70033A0D3 /* MessageUI.framework */; };
		90BBF7D51A0EFBE700E94582 /* FavoritesCollectionViewCell.m in Sources */ = {isa = PBXBuildFile; fileRef = 90BBF7D41A0EFBE700E94582 /* FavoritesCollectionViewCell.m */; };
/* End PBXBuildFile section */

/* Begin PBXContainerItemProxy section */
		900FD1DF1A0ECCCE006FEBBF /* PBXContainerItemProxy */ = {
			isa = PBXContainerItemProxy;
			containerPortal = 900FD1BA1A0ECCCE006FEBBF /* Project object */;
			proxyType = 1;
			remoteGlobalIDString = 900FD1C11A0ECCCE006FEBBF;
			remoteInfo = FavoriteInstagramPhotos;
		};
/* End PBXContainerItemProxy section */

/* Begin PBXFileReference section */
		900FD1C21A0ECCCE006FEBBF /* FavoriteInstagramPhotos.app */ = {isa = PBXFileReference; explicitFileType = wrapper.application; includeInIndex = 0; path = FavoriteInstagramPhotos.app; sourceTree = BUILT_PRODUCTS_DIR; };
		900FD1C61A0ECCCE006FEBBF /* Info.plist */ = {isa = PBXFileReference; lastKnownFileType = text.plist.xml; path = Info.plist; sourceTree = "<group>"; };
		900FD1C71A0ECCCE006FEBBF /* main.m */ = {isa = PBXFileReference; lastKnownFileType = sourcecode.c.objc; path = main.m; sourceTree = "<group>"; };
		900FD1C91A0ECCCE006FEBBF /* AppDelegate.h */ = {isa = PBXFileReference; lastKnownFileType = sourcecode.c.h; path = AppDelegate.h; sourceTree = "<group>"; };
		900FD1CA1A0ECCCE006FEBBF /* AppDelegate.m */ = {isa = PBXFileReference; lastKnownFileType = sourcecode.c.objc; path = AppDelegate.m; sourceTree = "<group>"; };
		900FD1CC1A0ECCCE006FEBBF /* PhotosViewController.h */ = {isa = PBXFileReference; lastKnownFileType = sourcecode.c.h; path = PhotosViewController.h; sourceTree = "<group>"; };
		900FD1CD1A0ECCCE006FEBBF /* PhotosViewController.m */ = {isa = PBXFileReference; lastKnownFileType = sourcecode.c.objc; path = PhotosViewController.m; sourceTree = "<group>"; };
		900FD1CF1A0ECCCE006FEBBF /* FavoritesViewController.h */ = {isa = PBXFileReference; lastKnownFileType = sourcecode.c.h; path = FavoritesViewController.h; sourceTree = "<group>"; };
		900FD1D01A0ECCCE006FEBBF /* FavoritesViewController.m */ = {isa = PBXFileReference; lastKnownFileType = sourcecode.c.objc; path = FavoritesViewController.m; sourceTree = "<group>"; };
		900FD1D31A0ECCCE006FEBBF /* Base */ = {isa = PBXFileReference; lastKnownFileType = file.storyboard; name = Base; path = Base.lproj/Main.storyboard; sourceTree = "<group>"; };
		900FD1D51A0ECCCE006FEBBF /* Images.xcassets */ = {isa = PBXFileReference; lastKnownFileType = folder.assetcatalog; path = Images.xcassets; sourceTree = "<group>"; };
		900FD1D81A0ECCCE006FEBBF /* Base */ = {isa = PBXFileReference; lastKnownFileType = file.xib; name = Base; path = Base.lproj/LaunchScreen.xib; sourceTree = "<group>"; };
		900FD1DE1A0ECCCE006FEBBF /* FavoriteInstagramPhotosTests.xctest */ = {isa = PBXFileReference; explicitFileType = wrapper.cfbundle; includeInIndex = 0; path = FavoriteInstagramPhotosTests.xctest; sourceTree = BUILT_PRODUCTS_DIR; };
		900FD1E31A0ECCCE006FEBBF /* Info.plist */ = {isa = PBXFileReference; lastKnownFileType = text.plist.xml; path = Info.plist; sourceTree = "<group>"; };
		900FD1E41A0ECCCE006FEBBF /* FavoriteInstagramPhotosTests.m */ = {isa = PBXFileReference; lastKnownFileType = sourcecode.c.objc; path = FavoriteInstagramPhotosTests.m; sourceTree = "<group>"; };
		900FD1EE1A0ECDA8006FEBBF /* PhotosCollectionViewCell.h */ = {isa = PBXFileReference; fileEncoding = 4; lastKnownFileType = sourcecode.c.h; path = PhotosCollectionViewCell.h; sourceTree = "<group>"; };
		900FD1EF1A0ECDA8006FEBBF /* PhotosCollectionViewCell.m */ = {isa = PBXFileReference; fileEncoding = 4; lastKnownFileType = sourcecode.c.objc; path = PhotosCollectionViewCell.m; sourceTree = "<group>"; };
		900FD1F11A0ED177006FEBBF /* InstagramImage.h */ = {isa = PBXFileReference; fileEncoding = 4; lastKnownFileType = sourcecode.c.h; path = InstagramImage.h; sourceTree = "<group>"; };
		900FD1F21A0ED177006FEBBF /* InstagramImage.m */ = {isa = PBXFileReference; fileEncoding = 4; lastKnownFileType = sourcecode.c.objc; path = InstagramImage.m; sourceTree = "<group>"; };
		90235B6B1A107529004CB772 /* MapViewController.h */ = {isa = PBXFileReference; fileEncoding = 4; lastKnownFileType = sourcecode.c.h; path = MapViewController.h; sourceTree = "<group>"; };
		90235B6C1A107529004CB772 /* MapViewController.m */ = {isa = PBXFileReference; fileEncoding = 4; lastKnownFileType = sourcecode.c.objc; path = MapViewController.m; sourceTree = "<group>"; };
		90235B6E1A1075FA004CB772 /* MapKit.framework */ = {isa = PBXFileReference; lastKnownFileType = wrapper.framework; name = MapKit.framework; path = System/Library/Frameworks/MapKit.framework; sourceTree = SDKROOT; };
		902C21AE1A1082AA0033A0D3 /* Twitter.framework */ = {isa = PBXFileReference; lastKnownFileType = wrapper.framework; name = Twitter.framework; path = System/Library/Frameworks/Twitter.framework; sourceTree = SDKROOT; };
		902C21B01A1082B00033A0D3 /* Social.framework */ = {isa = PBXFileReference; lastKnownFileType = wrapper.framework; name = Social.framework; path = System/Library/Frameworks/Social.framework; sourceTree = SDKROOT; };
		902C21B21A1082B70033A0D3 /* MessageUI.framework */ = {isa = PBXFileReference; lastKnownFileType = wrapper.framework; name = MessageUI.framework; path = System/Library/Frameworks/MessageUI.framework; sourceTree = SDKROOT; };
		90BBF7D31A0EFBE700E94582 /* FavoritesCollectionViewCell.h */ = {isa = PBXFileReference; fileEncoding = 4; lastKnownFileType = sourcecode.c.h; path = FavoritesCollectionViewCell.h; sourceTree = "<group>"; };
		90BBF7D41A0EFBE700E94582 /* FavoritesCollectionViewCell.m */ = {isa = PBXFileReference; fileEncoding = 4; lastKnownFileType = sourcecode.c.objc; path = FavoritesCollectionViewCell.m; sourceTree = "<group>"; };
/* End PBXFileReference section */

/* Begin PBXFrameworksBuildPhase section */
		900FD1BF1A0ECCCE006FEBBF /* Frameworks */ = {
			isa = PBXFrameworksBuildPhase;
			buildActionMask = 2147483647;
			files = (
				902C21B31A1082B70033A0D3 /* MessageUI.framework in Frameworks */,
				902C21B11A1082B00033A0D3 /* Social.framework in Frameworks */,
				902C21AF1A1082AA0033A0D3 /* Twitter.framework in Frameworks */,
				90235B6F1A1075FA004CB772 /* MapKit.framework in Frameworks */,
			);
			runOnlyForDeploymentPostprocessing = 0;
		};
		900FD1DB1A0ECCCE006FEBBF /* Frameworks */ = {
			isa = PBXFrameworksBuildPhase;
			buildActionMask = 2147483647;
			files = (
			);
			runOnlyForDeploymentPostprocessing = 0;
		};
/* End PBXFrameworksBuildPhase section */

/* Begin PBXGroup section */
		900FD1B91A0ECCCE006FEBBF = {
			isa = PBXGroup;
			children = (
				902C21B21A1082B70033A0D3 /* MessageUI.framework */,
				902C21B01A1082B00033A0D3 /* Social.framework */,
				902C21AE1A1082AA0033A0D3 /* Twitter.framework */,
				90235B6E1A1075FA004CB772 /* MapKit.framework */,
				900FD1C41A0ECCCE006FEBBF /* FavoriteInstagramPhotos */,
				900FD1E11A0ECCCE006FEBBF /* FavoriteInstagramPhotosTests */,
				900FD1C31A0ECCCE006FEBBF /* Products */,
			);
			sourceTree = "<group>";
		};
		900FD1C31A0ECCCE006FEBBF /* Products */ = {
			isa = PBXGroup;
			children = (
				900FD1C21A0ECCCE006FEBBF /* FavoriteInstagramPhotos.app */,
				900FD1DE1A0ECCCE006FEBBF /* FavoriteInstagramPhotosTests.xctest */,
			);
			name = Products;
			sourceTree = "<group>";
		};
		900FD1C41A0ECCCE006FEBBF /* FavoriteInstagramPhotos */ = {
			isa = PBXGroup;
			children = (
				900FD1D21A0ECCCE006FEBBF /* Main.storyboard */,
				900FD1C91A0ECCCE006FEBBF /* AppDelegate.h */,
				900FD1CA1A0ECCCE006FEBBF /* AppDelegate.m */,
				90BBF7D71A0F039300E94582 /* Custom Cells */,
				90BBF7D61A0F036F00E94582 /* VCS */,
				900FD1F41A0ED17D006FEBBF /* Model */,
				900FD1D51A0ECCCE006FEBBF /* Images.xcassets */,
				900FD1D71A0ECCCE006FEBBF /* LaunchScreen.xib */,
				900FD1C51A0ECCCE006FEBBF /* Supporting Files */,
			);
			path = FavoriteInstagramPhotos;
			sourceTree = "<group>";
		};
		900FD1C51A0ECCCE006FEBBF /* Supporting Files */ = {
			isa = PBXGroup;
			children = (
				900FD1C61A0ECCCE006FEBBF /* Info.plist */,
				900FD1C71A0ECCCE006FEBBF /* main.m */,
			);
			name = "Supporting Files";
			sourceTree = "<group>";
		};
		900FD1E11A0ECCCE006FEBBF /* FavoriteInstagramPhotosTests */ = {
			isa = PBXGroup;
			children = (
				900FD1E41A0ECCCE006FEBBF /* FavoriteInstagramPhotosTests.m */,
				900FD1E21A0ECCCE006FEBBF /* Supporting Files */,
			);
			path = FavoriteInstagramPhotosTests;
			sourceTree = "<group>";
		};
		900FD1E21A0ECCCE006FEBBF /* Supporting Files */ = {
			isa = PBXGroup;
			children = (
				900FD1E31A0ECCCE006FEBBF /* Info.plist */,
			);
			name = "Supporting Files";
			sourceTree = "<group>";
		};
		900FD1F41A0ED17D006FEBBF /* Model */ = {
			isa = PBXGroup;
			children = (
				900FD1F11A0ED177006FEBBF /* InstagramImage.h */,
				900FD1F21A0ED177006FEBBF /* InstagramImage.m */,
			);
			name = Model;
			sourceTree = "<group>";
		};
		90BBF7D61A0F036F00E94582 /* VCS */ = {
			isa = PBXGroup;
			children = (
				900FD1CC1A0ECCCE006FEBBF /* PhotosViewController.h */,
				900FD1CD1A0ECCCE006FEBBF /* PhotosViewController.m */,
				900FD1CF1A0ECCCE006FEBBF /* FavoritesViewController.h */,
				900FD1D01A0ECCCE006FEBBF /* FavoritesViewController.m */,
				90235B6B1A107529004CB772 /* MapViewController.h */,
				90235B6C1A107529004CB772 /* MapViewController.m */,
			);
			name = VCS;
			sourceTree = "<group>";
		};
		90BBF7D71A0F039300E94582 /* Custom Cells */ = {
			isa = PBXGroup;
			children = (
				900FD1EE1A0ECDA8006FEBBF /* PhotosCollectionViewCell.h */,
				900FD1EF1A0ECDA8006FEBBF /* PhotosCollectionViewCell.m */,
				90BBF7D31A0EFBE700E94582 /* FavoritesCollectionViewCell.h */,
				90BBF7D41A0EFBE700E94582 /* FavoritesCollectionViewCell.m */,
			);
			name = "Custom Cells";
			sourceTree = "<group>";
		};
/* End PBXGroup section */

/* Begin PBXNativeTarget section */
		900FD1C11A0ECCCE006FEBBF /* FavoriteInstagramPhotos */ = {
			isa = PBXNativeTarget;
			buildConfigurationList = 900FD1E81A0ECCCE006FEBBF /* Build configuration list for PBXNativeTarget "FavoriteInstagramPhotos" */;
			buildPhases = (
				900FD1BE1A0ECCCE006FEBBF /* Sources */,
				900FD1BF1A0ECCCE006FEBBF /* Frameworks */,
				900FD1C01A0ECCCE006FEBBF /* Resources */,
			);
			buildRules = (
			);
			dependencies = (
			);
			name = FavoriteInstagramPhotos;
			productName = FavoriteInstagramPhotos;
			productReference = 900FD1C21A0ECCCE006FEBBF /* FavoriteInstagramPhotos.app */;
			productType = "com.apple.product-type.application";
		};
		900FD1DD1A0ECCCE006FEBBF /* FavoriteInstagramPhotosTests */ = {
			isa = PBXNativeTarget;
			buildConfigurationList = 900FD1EB1A0ECCCE006FEBBF /* Build configuration list for PBXNativeTarget "FavoriteInstagramPhotosTests" */;
			buildPhases = (
				900FD1DA1A0ECCCE006FEBBF /* Sources */,
				900FD1DB1A0ECCCE006FEBBF /* Frameworks */,
				900FD1DC1A0ECCCE006FEBBF /* Resources */,
			);
			buildRules = (
			);
			dependencies = (
				900FD1E01A0ECCCE006FEBBF /* PBXTargetDependency */,
			);
			name = FavoriteInstagramPhotosTests;
			productName = FavoriteInstagramPhotosTests;
			productReference = 900FD1DE1A0ECCCE006FEBBF /* FavoriteInstagramPhotosTests.xctest */;
			productType = "com.apple.product-type.bundle.unit-test";
		};
/* End PBXNativeTarget section */

/* Begin PBXProject section */
		900FD1BA1A0ECCCE006FEBBF /* Project object */ = {
			isa = PBXProject;
			attributes = {
				LastUpgradeCheck = 0610;
				ORGANIZATIONNAME = "Jonathan Kim";
				TargetAttributes = {
					900FD1C11A0ECCCE006FEBBF = {
						CreatedOnToolsVersion = 6.1;
					};
					900FD1DD1A0ECCCE006FEBBF = {
						CreatedOnToolsVersion = 6.1;
						TestTargetID = 900FD1C11A0ECCCE006FEBBF;
					};
				};
			};
			buildConfigurationList = 900FD1BD1A0ECCCE006FEBBF /* Build configuration list for PBXProject "FavoriteInstagramPhotos" */;
			compatibilityVersion = "Xcode 3.2";
			developmentRegion = English;
			hasScannedForEncodings = 0;
			knownRegions = (
				en,
				Base,
			);
			mainGroup = 900FD1B91A0ECCCE006FEBBF;
			productRefGroup = 900FD1C31A0ECCCE006FEBBF /* Products */;
			projectDirPath = "";
			projectRoot = "";
			targets = (
				900FD1C11A0ECCCE006FEBBF /* FavoriteInstagramPhotos */,
				900FD1DD1A0ECCCE006FEBBF /* FavoriteInstagramPhotosTests */,
			);
		};
/* End PBXProject section */

/* Begin PBXResourcesBuildPhase section */
		900FD1C01A0ECCCE006FEBBF /* Resources */ = {
			isa = PBXResourcesBuildPhase;
			buildActionMask = 2147483647;
			files = (
				900FD1D41A0ECCCE006FEBBF /* Main.storyboard in Resources */,
				900FD1D91A0ECCCE006FEBBF /* LaunchScreen.xib in Resources */,
				900FD1D61A0ECCCE006FEBBF /* Images.xcassets in Resources */,
			);
			runOnlyForDeploymentPostprocessing = 0;
		};
		900FD1DC1A0ECCCE006FEBBF /* Resources */ = {
			isa = PBXResourcesBuildPhase;
			buildActionMask = 2147483647;
			files = (
			);
			runOnlyForDeploymentPostprocessing = 0;
		};
/* End PBXResourcesBuildPhase section */

/* Begin PBXSourcesBuildPhase section */
		900FD1BE1A0ECCCE006FEBBF /* Sources */ = {
			isa = PBXSourcesBuildPhase;
			buildActionMask = 2147483647;
			files = (
				900FD1F31A0ED177006FEBBF /* InstagramImage.m in Sources */,
				900FD1D11A0ECCCE006FEBBF /* FavoritesViewController.m in Sources */,
				900FD1F01A0ECDA8006FEBBF /* PhotosCollectionViewCell.m in Sources */,
				90235B6D1A107529004CB772 /* MapViewController.m in Sources */,
				900FD1CB1A0ECCCE006FEBBF /* AppDelegate.m in Sources */,
				900FD1CE1A0ECCCE006FEBBF /* PhotosViewController.m in Sources */,
				90BBF7D51A0EFBE700E94582 /* FavoritesCollectionViewCell.m in Sources */,
				900FD1C81A0ECCCE006FEBBF /* main.m in Sources */,
			);
			runOnlyForDeploymentPostprocessing = 0;
		};
		900FD1DA1A0ECCCE006FEBBF /* Sources */ = {
			isa = PBXSourcesBuildPhase;
			buildActionMask = 2147483647;
			files = (
				900FD1E51A0ECCCE006FEBBF /* FavoriteInstagramPhotosTests.m in Sources */,
			);
			runOnlyForDeploymentPostprocessing = 0;
		};
/* End PBXSourcesBuildPhase section */

/* Begin PBXTargetDependency section */
		900FD1E01A0ECCCE006FEBBF /* PBXTargetDependency */ = {
			isa = PBXTargetDependency;
			target = 900FD1C11A0ECCCE006FEBBF /* FavoriteInstagramPhotos */;
			targetProxy = 900FD1DF1A0ECCCE006FEBBF /* PBXContainerItemProxy */;
		};
/* End PBXTargetDependency section */

/* Begin PBXVariantGroup section */
		900FD1D21A0ECCCE006FEBBF /* Main.storyboard */ = {
			isa = PBXVariantGroup;
			children = (
				900FD1D31A0ECCCE006FEBBF /* Base */,
			);
			name = Main.storyboard;
			sourceTree = "<group>";
		};
		900FD1D71A0ECCCE006FEBBF /* LaunchScreen.xib */ = {
			isa = PBXVariantGroup;
			children = (
				900FD1D81A0ECCCE006FEBBF /* Base */,
			);
			name = LaunchScreen.xib;
			sourceTree = "<group>";
		};
/* End PBXVariantGroup section */

/* Begin XCBuildConfiguration section */
		900FD1E61A0ECCCE006FEBBF /* Debug */ = {
			isa = XCBuildConfiguration;
			buildSettings = {
				ALWAYS_SEARCH_USER_PATHS = NO;
				CLANG_CXX_LANGUAGE_STANDARD = "gnu++0x";
				CLANG_CXX_LIBRARY = "libc++";
				CLANG_ENABLE_MODULES = YES;
				CLANG_ENABLE_OBJC_ARC = YES;
				CLANG_WARN_BOOL_CONVERSION = YES;
				CLANG_WARN_CONSTANT_CONVERSION = YES;
				CLANG_WARN_DIRECT_OBJC_ISA_USAGE = YES_ERROR;
				CLANG_WARN_EMPTY_BODY = YES;
				CLANG_WARN_ENUM_CONVERSION = YES;
				CLANG_WARN_INT_CONVERSION = YES;
				CLANG_WARN_OBJC_ROOT_CLASS = YES_ERROR;
				CLANG_WARN_UNREACHABLE_CODE = YES;
				CLANG_WARN__DUPLICATE_METHOD_MATCH = YES;
				"CODE_SIGN_IDENTITY[sdk=iphoneos*]" = "iPhone Developer";
				COPY_PHASE_STRIP = NO;
				ENABLE_STRICT_OBJC_MSGSEND = YES;
				GCC_C_LANGUAGE_STANDARD = gnu99;
				GCC_DYNAMIC_NO_PIC = NO;
				GCC_OPTIMIZATION_LEVEL = 0;
				GCC_PREPROCESSOR_DEFINITIONS = (
					"DEBUG=1",
					"$(inherited)",
				);
				GCC_SYMBOLS_PRIVATE_EXTERN = NO;
				GCC_WARN_64_TO_32_BIT_CONVERSION = YES;
				GCC_WARN_ABOUT_RETURN_TYPE = YES_ERROR;
				GCC_WARN_UNDECLARED_SELECTOR = YES;
				GCC_WARN_UNINITIALIZED_AUTOS = YES_AGGRESSIVE;
				GCC_WARN_UNUSED_FUNCTION = YES;
				GCC_WARN_UNUSED_VARIABLE = YES;
				IPHONEOS_DEPLOYMENT_TARGET = 8.1;
				MTL_ENABLE_DEBUG_INFO = YES;
				ONLY_ACTIVE_ARCH = YES;
				SDKROOT = iphoneos;
			};
			name = Debug;
		};
		900FD1E71A0ECCCE006FEBBF /* Release */ = {
			isa = XCBuildConfiguration;
			buildSettings = {
				ALWAYS_SEARCH_USER_PATHS = NO;
				CLANG_CXX_LANGUAGE_STANDARD = "gnu++0x";
				CLANG_CXX_LIBRARY = "libc++";
				CLANG_ENABLE_MODULES = YES;
				CLANG_ENABLE_OBJC_ARC = YES;
				CLANG_WARN_BOOL_CONVERSION = YES;
				CLANG_WARN_CONSTANT_CONVERSION = YES;
				CLANG_WARN_DIRECT_OBJC_ISA_USAGE = YES_ERROR;
				CLANG_WARN_EMPTY_BODY = YES;
				CLANG_WARN_ENUM_CONVERSION = YES;
				CLANG_WARN_INT_CONVERSION = YES;
				CLANG_WARN_OBJC_ROOT_CLASS = YES_ERROR;
				CLANG_WARN_UNREACHABLE_CODE = YES;
				CLANG_WARN__DUPLICATE_METHOD_MATCH = YES;
				"CODE_SIGN_IDENTITY[sdk=iphoneos*]" = "iPhone Developer";
				COPY_PHASE_STRIP = YES;
				ENABLE_NS_ASSERTIONS = NO;
				ENABLE_STRICT_OBJC_MSGSEND = YES;
				GCC_C_LANGUAGE_STANDARD = gnu99;
				GCC_WARN_64_TO_32_BIT_CONVERSION = YES;
				GCC_WARN_ABOUT_RETURN_TYPE = YES_ERROR;
				GCC_WARN_UNDECLARED_SELECTOR = YES;
				GCC_WARN_UNINITIALIZED_AUTOS = YES_AGGRESSIVE;
				GCC_WARN_UNUSED_FUNCTION = YES;
				GCC_WARN_UNUSED_VARIABLE = YES;
				IPHONEOS_DEPLOYMENT_TARGET = 8.1;
				MTL_ENABLE_DEBUG_INFO = NO;
				SDKROOT = iphoneos;
				VALIDATE_PRODUCT = YES;
			};
			name = Release;
		};
		900FD1E91A0ECCCE006FEBBF /* Debug */ = {
			isa = XCBuildConfiguration;
			buildSettings = {
				ASSETCATALOG_COMPILER_APPICON_NAME = AppIcon;
				INFOPLIST_FILE = FavoriteInstagramPhotos/Info.plist;
				LD_RUNPATH_SEARCH_PATHS = "$(inherited) @executable_path/Frameworks";
				PRODUCT_NAME = "$(TARGET_NAME)";
			};
			name = Debug;
		};
		900FD1EA1A0ECCCE006FEBBF /* Release */ = {
			isa = XCBuildConfiguration;
			buildSettings = {
				ASSETCATALOG_COMPILER_APPICON_NAME = AppIcon;
				INFOPLIST_FILE = FavoriteInstagramPhotos/Info.plist;
				LD_RUNPATH_SEARCH_PATHS = "$(inherited) @executable_path/Frameworks";
				PRODUCT_NAME = "$(TARGET_NAME)";
			};
			name = Release;
		};
		900FD1EC1A0ECCCE006FEBBF /* Debug */ = {
			isa = XCBuildConfiguration;
			buildSettings = {
				BUNDLE_LOADER = "$(TEST_HOST)";
				FRAMEWORK_SEARCH_PATHS = (
					"$(SDKROOT)/Developer/Library/Frameworks",
					"$(inherited)",
				);
				GCC_PREPROCESSOR_DEFINITIONS = (
					"DEBUG=1",
					"$(inherited)",
				);
				INFOPLIST_FILE = FavoriteInstagramPhotosTests/Info.plist;
				LD_RUNPATH_SEARCH_PATHS = "$(inherited) @executable_path/Frameworks @loader_path/Frameworks";
				PRODUCT_NAME = "$(TARGET_NAME)";
				TEST_HOST = "$(BUILT_PRODUCTS_DIR)/FavoriteInstagramPhotos.app/FavoriteInstagramPhotos";
			};
			name = Debug;
		};
		900FD1ED1A0ECCCE006FEBBF /* Release */ = {
			isa = XCBuildConfiguration;
			buildSettings = {
				BUNDLE_LOADER = "$(TEST_HOST)";
				FRAMEWORK_SEARCH_PATHS = (
					"$(SDKROOT)/Developer/Library/Frameworks",
					"$(inherited)",
				);
				INFOPLIST_FILE = FavoriteInstagramPhotosTests/Info.plist;
				LD_RUNPATH_SEARCH_PATHS = "$(inherited) @executable_path/Frameworks @loader_path/Frameworks";
				PRODUCT_NAME = "$(TARGET_NAME)";
				TEST_HOST = "$(BUILT_PRODUCTS_DIR)/FavoriteInstagramPhotos.app/FavoriteInstagramPhotos";
			};
			name = Release;
		};
/* End XCBuildConfiguration section */

/* Begin XCConfigurationList section */
		900FD1BD1A0ECCCE006FEBBF /* Build configuration list for PBXProject "FavoriteInstagramPhotos" */ = {
			isa = XCConfigurationList;
			buildConfigurations = (
				900FD1E61A0ECCCE006FEBBF /* Debug */,
				900FD1E71A0ECCCE006FEBBF /* Release */,
			);
			defaultConfigurationIsVisible = 0;
			defaultConfigurationName = Release;
		};
		900FD1E81A0ECCCE006FEBBF /* Build configuration list for PBXNativeTarget "FavoriteInstagramPhotos" */ = {
			isa = XCConfigurationList;
			buildConfigurations = (
				900FD1E91A0ECCCE006FEBBF /* Debug */,
				900FD1EA1A0ECCCE006FEBBF /* Release */,
			);
			defaultConfigurationIsVisible = 0;
			defaultConfigurationName = Release;
		};
		900FD1EB1A0ECCCE006FEBBF /* Build configuration list for PBXNativeTarget "FavoriteInstagramPhotosTests" */ = {
			isa = XCConfigurationList;
			buildConfigurations = (
				900FD1EC1A0ECCCE006FEBBF /* Debug */,
				900FD1ED1A0ECCCE006FEBBF /* Release */,
			);
			defaultConfigurationIsVisible = 0;
			defaultConfigurationName = Release;
		};
/* End XCConfigurationList section */
	};
	rootObject = 900FD1BA1A0ECCCE006FEBBF /* Project object */;
}
